{
  "name": "forum",
  "lockfileVersion": 3,
  "requires": true,
  "packages": {
    "": {
      "devDependencies": {
        "@octokit/oauth-authorization-url": "^7.0.1"
      }
    },
    "node_modules/@octokit/oauth-authorization-url": {
      "version": "7.0.1",
      "resolved": "https://registry.npmjs.org/@octokit/oauth-authorization-url/-/oauth-authorization-url-7.0.1.tgz",
      "integrity": "sha512-CyxA8JClqnsE5xCLTw+7eI/T/KK/vldjmTuWlqSGjJRDrPiQB1RyP2L4xTnZQJZ13hGnIlDT2Y9grgoEpFVvHw==",
      "dev": true,
      "engines": {
        "node": ">= 18"
      }
    }
  }
}
